
Microsoft Visual Studio Solution File, Format Version 12.00
# Visual Studio Version 16
VisualStudioVersion = 16.0.29519.87
MinimumVisualStudioVersion = 10.0.40219.1
Project("{FAE04EC0-301F-11D3-BF4B-00C04F79EFBC}") = "LAB1-P", "LAB1-P\LAB1-P.csproj", "{379A812B-9A20-43BC-ACEB-0E3F7D4917EA}"
EndProject
Global
	GlobalSection(SolutionConfigurationPlatforms) = preSolution
		Debug|Any CPU = Debug|Any CPU
		Release|Any CPU = Release|Any CPU
	EndGlobalSection
	GlobalSection(ProjectConfigurationPlatforms) = postSolution
		{379A812B-9A20-43BC-ACEB-0E3F7D4917EA}.Debug|Any CPU.ActiveCfg = Debug|Any CPU
		{379A812B-9A20-43BC-ACEB-0E3F7D4917EA}.Debug|Any CPU.Build.0 = Debug|Any CPU
		{379A812B-9A20-43BC-ACEB-0E3F7D4917EA}.Release|Any CPU.ActiveCfg = Release|Any CPU
		{379A812B-9A20-43BC-ACEB-0E3F7D4917EA}.Release|Any CPU.Build.0 = Release|Any CPU
	EndGlobalSection
	GlobalSection(SolutionProperties) = preSolution
		HideSolutionNode = FALSE
	EndGlobalSection
	GlobalSection(ExtensibilityGlobals) = postSolution
		SolutionGuid = {A4CC2501-C7AA-4C84-94CF-864B615BBC01}
	EndGlobalSection
EndGlobal
